{
    "_readme": [
        "This file locks the dependencies of your project to a known state",
        "Read more about it at https://getcomposer.org/doc/01-basic-usage.md#composer-lock-the-lock-file",
        "This file is @generated automatically"
    ],
    "content-hash": "51d5248b632a820c496af02ae07ef048",
    "packages": [
        {
            "name": "cocur/slugify",
            "version": "v2.3",
            "source": {
                "type": "git",
                "url": "https://github.com/cocur/slugify.git",
                "reference": "57a00e06a382928e350cc7bbb13b19f1b8f4e73a"
            },
            "dist": {
                "type": "zip",
                "url": "https://api.github.com/repos/cocur/slugify/zipball/57a00e06a382928e350cc7bbb13b19f1b8f4e73a",
                "reference": "57a00e06a382928e350cc7bbb13b19f1b8f4e73a",
                "shasum": ""
            },
            "require": {
                "php": ">=5.5.9"
            },
            "require-dev": {
                "laravel/framework": "~5.1",
                "latte/latte": "~2.2",
                "league/container": "^2.2.0",
                "mikey179/vfsstream": "~1.6",
                "mockery/mockery": "~0.9",
                "nette/di": "~2.2",
                "phpunit/phpunit": "~4.8|~5.2",
                "pimple/pimple": "~1.1",
                "plumphp/plum": "~0.1",
                "silex/silex": "~1.3",
                "symfony/config": "~2.4|~3.0",
                "symfony/dependency-injection": "~2.4|~3.0",
                "symfony/http-kernel": "~2.4|~3.0",
                "twig/twig": "~1.12",
                "zendframework/zend-modulemanager": "~2.2",
                "zendframework/zend-servicemanager": "~2.2",
                "zendframework/zend-view": "~2.2"
            },
            "type": "library",
            "autoload": {
                "psr-4": {
                    "Cocur\\Slugify\\": "src"
                }
            },
            "notification-url": "https://packagist.org/downloads/",
            "license": [
                "MIT"
            ],
            "authors": [
                {
                    "name": "Ivo Bathke",
                    "email": "ivo.bathke@gmail.com"
                },
                {
                    "name": "Florian Eckerstorfer",
                    "email": "florian@eckerstorfer.co",
                    "homepage": "https://florian.ec"
                }
            ],
            "description": "Converts a string into a slug.",
            "keywords": [
                "slug",
                "slugify"
            ],
            "time": "2016-08-09T20:10:17+00:00"
        },
        {
            "name": "erusev/parsedown",
            "version": "1.6.1",
            "source": {
                "type": "git",
                "url": "https://github.com/erusev/parsedown.git",
                "reference": "20ff8bbb57205368b4b42d094642a3e52dac85fb"
            },
            "dist": {
                "type": "zip",
                "url": "https://api.github.com/repos/erusev/parsedown/zipball/20ff8bbb57205368b4b42d094642a3e52dac85fb",
                "reference": "20ff8bbb57205368b4b42d094642a3e52dac85fb",
                "shasum": ""
            },
            "require": {
                "php": ">=5.3.0"
            },
            "type": "library",
            "autoload": {
                "psr-0": {
                    "Parsedown": ""
                }
            },
            "notification-url": "https://packagist.org/downloads/",
            "license": [
                "MIT"
            ],
            "authors": [
                {
                    "name": "Emanuil Rusev",
                    "email": "hello@erusev.com",
                    "homepage": "http://erusev.com"
                }
            ],
            "description": "Parser for Markdown.",
            "homepage": "http://parsedown.org",
            "keywords": [
                "markdown",
                "parser"
            ],
            "time": "2016-11-02T15:56:58+00:00"
        },
        {
            "name": "jbzoo/data",
            "version": "1.5.0",
            "source": {
                "type": "git",
                "url": "https://github.com/JBZoo/Data.git",
                "reference": "fd9e8c29b3cc98358e1f149ff6300b23f57b2c5d"
            },
            "dist": {
                "type": "zip",
                "url": "https://api.github.com/repos/JBZoo/Data/zipball/fd9e8c29b3cc98358e1f149ff6300b23f57b2c5d",
                "reference": "fd9e8c29b3cc98358e1f149ff6300b23f57b2c5d",
                "shasum": ""
            },
            "require": {
                "jbzoo/utils": "^1.4.2",
                "php": ">=5.3"
            },
            "require-dev": {
                "jbzoo/phpunit": "^1.10",
                "jbzoo/profiler": "^1.0",
                "symfony/yaml": "^2.8|^3.0"
            },
            "suggest": {
                "symfony/yaml": "^2.8|^3.0"
            },
            "type": "library",
            "extra": {
                "branch-alias": {
                    "dev-master": "1.x-dev"
                }
            },
            "autoload": {
                "psr-4": {
                    "JBZoo\\Data\\": "src"
                }
            },
            "notification-url": "https://packagist.org/downloads/",
            "license": [
                "MIT"
            ],
            "authors": [
                {
                    "name": "SmetDenis",
                    "email": "denis@jbzoo.com",
                    "role": "lead"
                }
            ],
            "description": "Extended implementation of ArrayObject",
            "keywords": [
                "array",
                "arrayobject",
                "config",
                "data",
                "ini",
                "json",
                "params",
                "yml"
            ],
            "time": "2016-08-06T13:35:10+00:00"
        },
        {
            "name": "jbzoo/utils",
            "version": "1.7.9",
            "source": {
                "type": "git",
                "url": "https://github.com/JBZoo/Utils.git",
                "reference": "e7ee5a5042fa363dfa6f0ec01ffd1348e369b591"
            },
            "dist": {
                "type": "zip",
                "url": "https://api.github.com/repos/JBZoo/Utils/zipball/e7ee5a5042fa363dfa6f0ec01ffd1348e369b591",
                "reference": "e7ee5a5042fa363dfa6f0ec01ffd1348e369b591",
                "shasum": ""
            },
            "require": {
                "jbzoo/data": "^1.0",
                "php": ">=5.3.10"
            },
            "require-dev": {
                "jbzoo/phpunit": "^1.6|1.x-dev",
                "jbzoo/profiler": "^1.0",
                "symfony/polyfill-mbstring": "^1.2",
                "symfony/process": "^2.8|^3.1"
            },
            "suggest": {
                "ext-mbstring": "Provides multibyte specific string functions",
                "symfony/polyfill-mbstring": "For UTF-8 if ext-mbstring disabled",
                "symfony/process": "For Cli::exec() method only"
            },
            "type": "library",
            "extra": {
                "branch-alias": {
                    "dev-master": "1.x-dev"
                }
            },
            "autoload": {
                "files": [
                    "src/defines.php"
                ],
                "psr-4": {
                    "JBZoo\\Utils\\": "src"
                }
            },
            "notification-url": "https://packagist.org/downloads/",
            "license": [
                "MIT"
            ],
            "authors": [
                {
                    "name": "Brandon Wamboldt",
                    "email": "brandon.wamboldt@gmail.com"
                },
                {
                    "name": "SmetDenis",
                    "email": "denis@jbzoo.com",
                    "role": "lead"
                },
                {
                    "name": "Luís Nóbrega",
                    "email": "luis.barros.nobrega@gmail.com"
                }
            ],
            "description": "A collection of useful PHP functions, mini classes and snippets that you need every day.",
            "keywords": [
                "array",
                "cli",
                "collection",
                "command line",
                "dates",
                "email",
                "env",
                "environment",
                "filesystem",
                "filter",
                "helper",
                "helpers",
                "http",
                "image",
                "mbstring",
                "misc",
                "serialize",
                "slugify",
                "string",
                "timer",
                "url",
                "utility",
                "utils"
            ],
            "time": "2016-08-14T06:19:57+00:00"
        },
        {
            "name": "klein/klein",
            "version": "v2.1.1",
            "source": {
                "type": "git",
                "url": "https://github.com/klein/klein.php.git",
                "reference": "94a057462f1f2de95450dc729c65b23b12c48557"
            },
            "dist": {
                "type": "zip",
                "url": "https://api.github.com/repos/klein/klein.php/zipball/94a057462f1f2de95450dc729c65b23b12c48557",
                "reference": "94a057462f1f2de95450dc729c65b23b12c48557",
                "shasum": ""
            },
            "require": {
                "php": ">=5.3.0"
            },
            "require-dev": {
                "phpunit/php-code-coverage": "^2.2",
                "phpunit/phpunit": "^4.8",
                "squizlabs/php_codesniffer": "1.4.8"
            },
            "type": "library",
            "autoload": {
                "psr-4": {
                    "Klein\\": "src/Klein/"
                }
            },
            "notification-url": "https://packagist.org/downloads/",
            "license": [
                "MIT"
            ],
            "authors": [
                {
                    "name": "Chris O'Hara",
                    "email": "cohara87@gmail.com",
                    "homepage": "http://chris6f.com/",
                    "role": "Creator/Developer"
                },
                {
                    "name": "Trevor Suarez",
                    "email": "rican7@gmail.com",
                    "homepage": "https://trevorsuarez.com/",
                    "role": "Contributor/Developer"
                }
            ],
            "description": "A lightning fast router for PHP",
            "homepage": "https://github.com/klein/klein.php",
            "keywords": [
                "boilerplate",
                "router",
                "routing",
                "sinatra"
            ],
            "time": "2016-11-01T06:01:39+00:00"
        }
    ],
    "packages-dev": [],
    "aliases": [],
    "minimum-stability": "stable",
    "stability-flags": [],
    "prefer-stable": false,
    "prefer-lowest": false,
    "platform": [],
    "platform-dev": []
}
